
Microsoft Visual Studio Solution File, Format Version 12.00
# Visual Studio Version 17
VisualStudioVersion = 17.5.002.0
MinimumVisualStudioVersion = 10.0.40219.1
Project("{9A19103F-16F7-4668-BE54-9A1E7A4F7556}") = "magnetic_force_between_two_balls", "magnetic_force_between_two_balls.csproj", "{84990388-A0B8-4A8D-84A2-32F16ABD2580}"
EndProject
Global
	GlobalSection(SolutionConfigurationPlatforms) = preSolution
		Debug|Any CPU = Debug|Any CPU
		Release|Any CPU = Release|Any CPU
	EndGlobalSection
	GlobalSection(ProjectConfigurationPlatforms) = postSolution
		{84990388-A0B8-4A8D-84A2-32F16ABD2580}.Debug|Any CPU.ActiveCfg = Debug|Any CPU
		{84990388-A0B8-4A8D-84A2-32F16ABD2580}.Debug|Any CPU.Build.0 = Debug|Any CPU
		{84990388-A0B8-4A8D-84A2-32F16ABD2580}.Release|Any CPU.ActiveCfg = Release|Any CPU
		{84990388-A0B8-4A8D-84A2-32F16ABD2580}.Release|Any CPU.Build.0 = Release|Any CPU
	EndGlobalSection
	GlobalSection(SolutionProperties) = preSolution
		HideSolutionNode = FALSE
	EndGlobalSection
	GlobalSection(ExtensibilityGlobals) = postSolution
		SolutionGuid = {2BD3AB79-F699-446E-A46A-6F7A31914490}
	EndGlobalSection
EndGlobal
